
Microsoft Visual Studio Solution File, Format Version 12.00
# Visual Studio 15
VisualStudioVersion = 15.0.28307.1433
MinimumVisualStudioVersion = 10.0.40219.1
Project("{8BC9CEB8-8B4A-11D0-8D11-00A0C91BC942}") = "PendulumSim", "PendulumSim\PendulumSim.vcxproj", "{121F4A56-E935-4200-AAD8-98AB7E3C7991}"
EndProject
Global
	GlobalSection(SolutionConfigurationPlatforms) = preSolution
		Debug|x64 = Debug|x64
		Debug|x86 = Debug|x86
		Release|x64 = Release|x64
		Release|x86 = Release|x86
	EndGlobalSection
	GlobalSection(ProjectConfigurationPlatforms) = postSolution
		{121F4A56-E935-4200-AAD8-98AB7E3C7991}.Debug|x64.ActiveCfg = Debug|x64
		{121F4A56-E935-4200-AAD8-98AB7E3C7991}.Debug|x64.Build.0 = Debug|x64
		{121F4A56-E935-4200-AAD8-98AB7E3C7991}.Debug|x86.ActiveCfg = Debug|Win32
		{121F4A56-E935-4200-AAD8-98AB7E3C7991}.Debug|x86.Build.0 = Debug|Win32
		{121F4A56-E935-4200-AAD8-98AB7E3C7991}.Release|x64.ActiveCfg = Release|x64
		{121F4A56-E935-4200-AAD8-98AB7E3C7991}.Release|x64.Build.0 = Release|x64
		{121F4A56-E935-4200-AAD8-98AB7E3C7991}.Release|x86.ActiveCfg = Release|Win32
		{121F4A56-E935-4200-AAD8-98AB7E3C7991}.Release|x86.Build.0 = Release|Win32
	EndGlobalSection
	GlobalSection(SolutionProperties) = preSolution
		HideSolutionNode = FALSE
	EndGlobalSection
	GlobalSection(ExtensibilityGlobals) = postSolution
		SolutionGuid = {FE84D5DA-A1F4-48CF-94F1-D23BD8A00F29}
	EndGlobalSection
EndGlobal
